{
  "version": 4,
  "terraform_version": "1.3.0",
  "serial": 96,
  "lineage": "cb0d2c27-daf4-33f0-cd3f-1d25b2729ce2",
  "outputs": {
    "private_connection_string": {
      "value": "ssh -i LL-TEST-key.pem ec2-user@10.0.2.97",
      "type": "string"
    },
    "public_connection_string": {
      "value": "ssh -i LL-TEST-key.pem ec2-user@35.153.180.156",
      "type": "string"
    }
  },
  "resources": [
    {
      "module": "module.ec2",
      "mode": "data",
      "type": "aws_ami",
      "name": "example",
      "provider": "provider[\"registry.terraform.io/hashicorp/aws\"]",
      "instances": [
        {
          "schema_version": 0,
          "attributes": {
            "architecture": "x86_64",
            "arn": "arn:aws:ec2:us-east-1::image/ami-0a0cf2b8bc4634fe1",
            "block_device_mappings": [
              {
                "device_name": "/dev/xvda",
                "ebs": {
                  "delete_on_termination": "true",
                  "encrypted": "false",
                  "iops": "0",
                  "snapshot_id": "snap-0bf1442b9cdb421f5",
                  "throughput": "125",
                  "volume_size": "8",
                  "volume_type": "gp3"
                },
                "no_device": "",
                "virtual_name": ""
              }
            ],
            "boot_mode": "",
            "creation_date": "2022-07-28T17:38:38.000Z",
            "deprecation_time": "2024-07-28T17:38:38.000Z",
            "description": "Amazon Linux 2022 AMI 2022.0.20220728.1 x86_64 HVM kernel-5.15",
            "ena_support": true,
            "executable_users": null,
            "filter": [
              {
                "name": "name",
                "values": [
                  "al2022-ami-2022.0.20220728.1-kernel-5.15-x86_64"
                ]
              },
              {
                "name": "root-device-type",
                "values": [
                  "ebs"
                ]
              },
              {
                "name": "virtualization-type",
                "values": [
                  "hvm"
                ]
              }
            ],
            "hypervisor": "xen",
            "id": "ami-0a0cf2b8bc4634fe1",
            "image_id": "ami-0a0cf2b8bc4634fe1",
            "image_location": "amazon/al2022-ami-2022.0.20220728.1-kernel-5.15-x86_64",
            "image_owner_alias": "amazon",
            "image_type": "machine",
            "include_deprecated": false,
            "kernel_id": "",
            "most_recent": true,
            "name": "al2022-ami-2022.0.20220728.1-kernel-5.15-x86_64",
            "name_regex": null,
            "owner_id": "137112412989",
            "owners": [
              "137112412989"
            ],
            "platform": "",
            "platform_details": "Linux/UNIX",
            "product_codes": [],
            "public": true,
            "ramdisk_id": "",
            "root_device_name": "/dev/xvda",
            "root_device_type": "ebs",
            "root_snapshot_id": "snap-0bf1442b9cdb421f5",
            "sriov_net_support": "simple",
            "state": "available",
            "state_reason": {
              "code": "UNSET",
              "message": "UNSET"
            },
            "tags": {},
            "timeouts": null,
            "tpm_support": "",
            "usage_operation": "RunInstances",
            "virtualization_type": "hvm"
          },
          "sensitive_attributes": []
        }
      ]
    },
    {
      "module": "module.ec2",
      "mode": "managed",
      "type": "aws_instance",
      "name": "ec2_private",
      "provider": "provider[\"registry.terraform.io/hashicorp/aws\"]",
      "instances": [
        {
          "schema_version": 1,
          "attributes": {
            "ami": "ami-0a0cf2b8bc4634fe1",
            "arn": "arn:aws:ec2:us-east-1:280740813901:instance/i-0f4e53ddf30725abb",
            "associate_public_ip_address": false,
            "availability_zone": "us-east-1b",
            "capacity_reservation_specification": [
              {
                "capacity_reservation_preference": "open",
                "capacity_reservation_target": []
              }
            ],
            "cpu_core_count": 1,
            "cpu_threads_per_core": 1,
            "credit_specification": [
              {
                "cpu_credits": "standard"
              }
            ],
            "disable_api_stop": false,
            "disable_api_termination": false,
            "ebs_block_device": [],
            "ebs_optimized": false,
            "enclave_options": [
              {
                "enabled": false
              }
            ],
            "ephemeral_block_device": [],
            "get_password_data": false,
            "hibernation": false,
            "host_id": null,
            "host_resource_group_arn": null,
            "iam_instance_profile": "",
            "id": "i-0f4e53ddf30725abb",
            "instance_initiated_shutdown_behavior": "stop",
            "instance_state": "running",
            "instance_type": "t2.micro",
            "ipv6_address_count": 0,
            "ipv6_addresses": [],
            "key_name": "LL-TEST-key",
            "launch_template": [],
            "maintenance_options": [
              {
                "auto_recovery": "default"
              }
            ],
            "metadata_options": [
              {
                "http_endpoint": "enabled",
                "http_put_response_hop_limit": 1,
                "http_tokens": "optional",
                "instance_metadata_tags": "disabled"
              }
            ],
            "monitoring": false,
            "network_interface": [],
            "outpost_arn": "",
            "password_data": "",
            "placement_group": "",
            "placement_partition_number": null,
            "primary_network_interface_id": "eni-0c817157ec89211b5",
            "private_dns": "ip-10-0-2-97.ec2.internal",
            "private_dns_name_options": [
              {
                "enable_resource_name_dns_a_record": false,
                "enable_resource_name_dns_aaaa_record": false,
                "hostname_type": "ip-name"
              }
            ],
            "private_ip": "10.0.2.97",
            "public_dns": "",
            "public_ip": "",
            "root_block_device": [
              {
                "delete_on_termination": true,
                "device_name": "/dev/xvda",
                "encrypted": false,
                "iops": 3000,
                "kms_key_id": "",
                "tags": {},
                "throughput": 125,
                "volume_id": "vol-00150a23b038817ba",
                "volume_size": 8,
                "volume_type": "gp3"
              }
            ],
            "secondary_private_ips": [],
            "security_groups": [],
            "source_dest_check": true,
            "subnet_id": "subnet-024021a519d8a9ce1",
            "tags": {
              "Name": "EC2-PRIVATE"
            },
            "tags_all": {
              "Name": "EC2-PRIVATE"
            },
            "tenancy": "default",
            "timeouts": null,
            "user_data": "986e1d1dbad184bb8a0b6536dd2a5283772166d7",
            "user_data_base64": null,
            "user_data_replace_on_change": false,
            "volume_tags": null,
            "vpc_security_group_ids": [
              "sg-09c2fa22f0fda5048"
            ]
          },
          "sensitive_attributes": [],
          "private": "eyJlMmJmYjczMC1lY2FhLTExZTYtOGY4OC0zNDM2M2JjN2M0YzAiOnsiY3JlYXRlIjo2MDAwMDAwMDAwMDAsImRlbGV0ZSI6MTIwMDAwMDAwMDAwMCwidXBkYXRlIjo2MDAwMDAwMDAwMDB9LCJzY2hlbWFfdmVyc2lvbiI6IjEifQ==",
          "dependencies": [
            "module.ec2.data.aws_ami.example",
            "module.networking.aws_security_group.allow_ssh_priv",
            "module.networking.data.aws_availability_zones.available",
            "module.networking.module.vpc.aws_cloudwatch_log_group.flow_log",
            "module.networking.module.vpc.aws_customer_gateway.this",
            "module.networking.module.vpc.aws_db_subnet_group.database",
            "module.networking.module.vpc.aws_default_network_acl.this",
            "module.networking.module.vpc.aws_default_route_table.default",
            "module.networking.module.vpc.aws_default_security_group.this",
            "module.networking.module.vpc.aws_default_vpc.this",
            "module.networking.module.vpc.aws_egress_only_internet_gateway.this",
            "module.networking.module.vpc.aws_eip.nat",
            "module.networking.module.vpc.aws_elasticache_subnet_group.elasticache",
            "module.networking.module.vpc.aws_flow_log.this",
            "module.networking.module.vpc.aws_iam_policy.vpc_flow_log_cloudwatch",
            "module.networking.module.vpc.aws_iam_role.vpc_flow_log_cloudwatch",
            "module.networking.module.vpc.aws_iam_role_policy_attachment.vpc_flow_log_cloudwatch",
            "module.networking.module.vpc.aws_internet_gateway.this",
            "module.networking.module.vpc.aws_nat_gateway.this",
            "module.networking.module.vpc.aws_network_acl.database",
            "module.networking.module.vpc.aws_network_acl.elasticache",
            "module.networking.module.vpc.aws_network_acl.intra",
            "module.networking.module.vpc.aws_network_acl.outpost",
            "module.networking.module.vpc.aws_network_acl.private",
            "module.networking.module.vpc.aws_network_acl.public",
            "module.networking.module.vpc.aws_network_acl.redshift",
            "module.networking.module.vpc.aws_network_acl_rule.database_inbound",
            "module.networking.module.vpc.aws_network_acl_rule.database_outbound",
            "module.networking.module.vpc.aws_network_acl_rule.elasticache_inbound",
            "module.networking.module.vpc.aws_network_acl_rule.elasticache_outbound",
            "module.networking.module.vpc.aws_network_acl_rule.intra_inbound",
            "module.networking.module.vpc.aws_network_acl_rule.intra_outbound",
            "module.networking.module.vpc.aws_network_acl_rule.outpost_inbound",
            "module.networking.module.vpc.aws_network_acl_rule.outpost_outbound",
            "module.networking.module.vpc.aws_network_acl_rule.private_inbound",
            "module.networking.module.vpc.aws_network_acl_rule.private_outbound",
            "module.networking.module.vpc.aws_network_acl_rule.public_inbound",
            "module.networking.module.vpc.aws_network_acl_rule.public_outbound",
            "module.networking.module.vpc.aws_network_acl_rule.redshift_inbound",
            "module.networking.module.vpc.aws_network_acl_rule.redshift_outbound",
            "module.networking.module.vpc.aws_redshift_subnet_group.redshift",
            "module.networking.module.vpc.aws_route.database_internet_gateway",
            "module.networking.module.vpc.aws_route.database_ipv6_egress",
            "module.networking.module.vpc.aws_route.database_nat_gateway",
            "module.networking.module.vpc.aws_route.private_ipv6_egress",
            "module.networking.module.vpc.aws_route.private_nat_gateway",
            "module.networking.module.vpc.aws_route.public_internet_gateway",
            "module.networking.module.vpc.aws_route.public_internet_gateway_ipv6",
            "module.networking.module.vpc.aws_route_table.database",
            "module.networking.module.vpc.aws_route_table.elasticache",
            "module.networking.module.vpc.aws_route_table.intra",
            "module.networking.module.vpc.aws_route_table.private",
            "module.networking.module.vpc.aws_route_table.public",
            "module.networking.module.vpc.aws_route_table.redshift",
            "module.networking.module.vpc.aws_route_table_association.database",
            "module.networking.module.vpc.aws_route_table_association.elasticache",
            "module.networking.module.vpc.aws_route_table_association.intra",
            "module.networking.module.vpc.aws_route_table_association.outpost",
            "module.networking.module.vpc.aws_route_table_association.private",
            "module.networking.module.vpc.aws_route_table_association.public",
            "module.networking.module.vpc.aws_route_table_association.redshift",
            "module.networking.module.vpc.aws_route_table_association.redshift_public",
            "module.networking.module.vpc.aws_subnet.database",
            "module.networking.module.vpc.aws_subnet.elasticache",
            "module.networking.module.vpc.aws_subnet.intra",
            "module.networking.module.vpc.aws_subnet.outpost",
            "module.networking.module.vpc.aws_subnet.private",
            "module.networking.module.vpc.aws_subnet.public",
            "module.networking.module.vpc.aws_subnet.redshift",
            "module.networking.module.vpc.aws_vpc.this",
            "module.networking.module.vpc.aws_vpc_dhcp_options.this",
            "module.networking.module.vpc.aws_vpc_dhcp_options_association.this",
            "module.networking.module.vpc.aws_vpc_ipv4_cidr_block_association.this",
            "module.networking.module.vpc.aws_vpn_gateway.this",
            "module.networking.module.vpc.aws_vpn_gateway_attachment.this",
            "module.networking.module.vpc.aws_vpn_gateway_route_propagation.intra",
            "module.networking.module.vpc.aws_vpn_gateway_route_propagation.private",
            "module.networking.module.vpc.aws_vpn_gateway_route_propagation.public",
            "module.networking.module.vpc.data.aws_iam_policy_document.flow_log_cloudwatch_assume_role",
            "module.networking.module.vpc.data.aws_iam_policy_document.vpc_flow_log_cloudwatch",
            "module.ssh-key.aws_key_pair.key_pair",
            "module.ssh-key.tls_private_key.key"
          ]
        }
      ]
    },
    {
      "module": "module.ec2",
      "mode": "managed",
      "type": "aws_instance",
      "name": "ec2_public",
      "provider": "provider[\"registry.terraform.io/hashicorp/aws\"]",
      "instances": [
        {
          "schema_version": 1,
          "attributes": {
            "ami": "ami-0a0cf2b8bc4634fe1",
            "arn": "arn:aws:ec2:us-east-1:280740813901:instance/i-00909ff3488e40901",
            "associate_public_ip_address": true,
            "availability_zone": "us-east-1a",
            "capacity_reservation_specification": [
              {
                "capacity_reservation_preference": "open",
                "capacity_reservation_target": []
              }
            ],
            "cpu_core_count": 1,
            "cpu_threads_per_core": 1,
            "credit_specification": [
              {
                "cpu_credits": "standard"
              }
            ],
            "disable_api_stop": false,
            "disable_api_termination": false,
            "ebs_block_device": [],
            "ebs_optimized": false,
            "enclave_options": [
              {
                "enabled": false
              }
            ],
            "ephemeral_block_device": [],
            "get_password_data": false,
            "hibernation": false,
            "host_id": null,
            "host_resource_group_arn": null,
            "iam_instance_profile": "",
            "id": "i-00909ff3488e40901",
            "instance_initiated_shutdown_behavior": "stop",
            "instance_state": "running",
            "instance_type": "t2.micro",
            "ipv6_address_count": 0,
            "ipv6_addresses": [],
            "key_name": "LL-TEST-key",
            "launch_template": [],
            "maintenance_options": [
              {
                "auto_recovery": "default"
              }
            ],
            "metadata_options": [
              {
                "http_endpoint": "enabled",
                "http_put_response_hop_limit": 1,
                "http_tokens": "optional",
                "instance_metadata_tags": "disabled"
              }
            ],
            "monitoring": false,
            "network_interface": [],
            "outpost_arn": "",
            "password_data": "",
            "placement_group": "",
            "placement_partition_number": null,
            "primary_network_interface_id": "eni-000d123f080154775",
            "private_dns": "ip-10-0-101-14.ec2.internal",
            "private_dns_name_options": [
              {
                "enable_resource_name_dns_a_record": false,
                "enable_resource_name_dns_aaaa_record": false,
                "hostname_type": "ip-name"
              }
            ],
            "private_ip": "10.0.101.14",
            "public_dns": "",
            "public_ip": "35.153.180.156",
            "root_block_device": [
              {
                "delete_on_termination": true,
                "device_name": "/dev/xvda",
                "encrypted": false,
                "iops": 3000,
                "kms_key_id": "",
                "tags": {},
                "throughput": 125,
                "volume_id": "vol-0ae49eecaf8fd3049",
                "volume_size": 8,
                "volume_type": "gp3"
              }
            ],
            "secondary_private_ips": [],
            "security_groups": [],
            "source_dest_check": true,
            "subnet_id": "subnet-0b3f36695d8b1c272",
            "tags": {
              "Name": "EC2-PUBLIC"
            },
            "tags_all": {
              "Name": "EC2-PUBLIC"
            },
            "tenancy": "default",
            "timeouts": null,
            "user_data": "986e1d1dbad184bb8a0b6536dd2a5283772166d7",
            "user_data_base64": null,
            "user_data_replace_on_change": false,
            "volume_tags": null,
            "vpc_security_group_ids": [
              "sg-0a6fea24bb7b87c23"
            ]
          },
          "sensitive_attributes": [],
          "private": "eyJlMmJmYjczMC1lY2FhLTExZTYtOGY4OC0zNDM2M2JjN2M0YzAiOnsiY3JlYXRlIjo2MDAwMDAwMDAwMDAsImRlbGV0ZSI6MTIwMDAwMDAwMDAwMCwidXBkYXRlIjo2MDAwMDAwMDAwMDB9LCJzY2hlbWFfdmVyc2lvbiI6IjEifQ==",
          "dependencies": [
            "module.ec2.data.aws_ami.example",
            "module.networking.aws_security_group.allow_ssh_pub",
            "module.networking.data.aws_availability_zones.available",
            "module.networking.module.vpc.aws_cloudwatch_log_group.flow_log",
            "module.networking.module.vpc.aws_customer_gateway.this",
            "module.networking.module.vpc.aws_db_subnet_group.database",
            "module.networking.module.vpc.aws_default_network_acl.this",
            "module.networking.module.vpc.aws_default_route_table.default",
            "module.networking.module.vpc.aws_default_security_group.this",
            "module.networking.module.vpc.aws_default_vpc.this",
            "module.networking.module.vpc.aws_egress_only_internet_gateway.this",
            "module.networking.module.vpc.aws_eip.nat",
            "module.networking.module.vpc.aws_elasticache_subnet_group.elasticache",
            "module.networking.module.vpc.aws_flow_log.this",
            "module.networking.module.vpc.aws_iam_policy.vpc_flow_log_cloudwatch",
            "module.networking.module.vpc.aws_iam_role.vpc_flow_log_cloudwatch",
            "module.networking.module.vpc.aws_iam_role_policy_attachment.vpc_flow_log_cloudwatch",
            "module.networking.module.vpc.aws_internet_gateway.this",
            "module.networking.module.vpc.aws_nat_gateway.this",
            "module.networking.module.vpc.aws_network_acl.database",
            "module.networking.module.vpc.aws_network_acl.elasticache",
            "module.networking.module.vpc.aws_network_acl.intra",
            "module.networking.module.vpc.aws_network_acl.outpost",
            "module.networking.module.vpc.aws_network_acl.private",
            "module.networking.module.vpc.aws_network_acl.public",
            "module.networking.module.vpc.aws_network_acl.redshift",
            "module.networking.module.vpc.aws_network_acl_rule.database_inbound",
            "module.networking.module.vpc.aws_network_acl_rule.database_outbound",
            "module.networking.module.vpc.aws_network_acl_rule.elasticache_inbound",
            "module.networking.module.vpc.aws_network_acl_rule.elasticache_outbound",
            "module.networking.module.vpc.aws_network_acl_rule.intra_inbound",
            "module.networking.module.vpc.aws_network_acl_rule.intra_outbound",
            "module.networking.module.vpc.aws_network_acl_rule.outpost_inbound",
            "module.networking.module.vpc.aws_network_acl_rule.outpost_outbound",
            "module.networking.module.vpc.aws_network_acl_rule.private_inbound",
            "module.networking.module.vpc.aws_network_acl_rule.private_outbound",
            "module.networking.module.vpc.aws_network_acl_rule.public_inbound",
            "module.networking.module.vpc.aws_network_acl_rule.public_outbound",
            "module.networking.module.vpc.aws_network_acl_rule.redshift_inbound",
            "module.networking.module.vpc.aws_network_acl_rule.redshift_outbound",
            "module.networking.module.vpc.aws_redshift_subnet_group.redshift",
            "module.networking.module.vpc.aws_route.database_internet_gateway",
            "module.networking.module.vpc.aws_route.database_ipv6_egress",
            "module.networking.module.vpc.aws_route.database_nat_gateway",
            "module.networking.module.vpc.aws_route.private_ipv6_egress",
            "module.networking.module.vpc.aws_route.private_nat_gateway",
            "module.networking.module.vpc.aws_route.public_internet_gateway",
            "module.networking.module.vpc.aws_route.public_internet_gateway_ipv6",
            "module.networking.module.vpc.aws_route_table.database",
            "module.networking.module.vpc.aws_route_table.elasticache",
            "module.networking.module.vpc.aws_route_table.intra",
            "module.networking.module.vpc.aws_route_table.private",
            "module.networking.module.vpc.aws_route_table.public",
            "module.networking.module.vpc.aws_route_table.redshift",
            "module.networking.module.vpc.aws_route_table_association.database",
            "module.networking.module.vpc.aws_route_table_association.elasticache",
            "module.networking.module.vpc.aws_route_table_association.intra",
            "module.networking.module.vpc.aws_route_table_association.outpost",
            "module.networking.module.vpc.aws_route_table_association.private",
            "module.networking.module.vpc.aws_route_table_association.public",
            "module.networking.module.vpc.aws_route_table_association.redshift",
            "module.networking.module.vpc.aws_route_table_association.redshift_public",
            "module.networking.module.vpc.aws_subnet.database",
            "module.networking.module.vpc.aws_subnet.elasticache",
            "module.networking.module.vpc.aws_subnet.intra",
            "module.networking.module.vpc.aws_subnet.outpost",
            "module.networking.module.vpc.aws_subnet.private",
            "module.networking.module.vpc.aws_subnet.public",
            "module.networking.module.vpc.aws_subnet.redshift",
            "module.networking.module.vpc.aws_vpc.this",
            "module.networking.module.vpc.aws_vpc_dhcp_options.this",
            "module.networking.module.vpc.aws_vpc_dhcp_options_association.this",
            "module.networking.module.vpc.aws_vpc_ipv4_cidr_block_association.this",
            "module.networking.module.vpc.aws_vpn_gateway.this",
            "module.networking.module.vpc.aws_vpn_gateway_attachment.this",
            "module.networking.module.vpc.aws_vpn_gateway_route_propagation.intra",
            "module.networking.module.vpc.aws_vpn_gateway_route_propagation.private",
            "module.networking.module.vpc.aws_vpn_gateway_route_propagation.public",
            "module.networking.module.vpc.data.aws_iam_policy_document.flow_log_cloudwatch_assume_role",
            "module.networking.module.vpc.data.aws_iam_policy_document.vpc_flow_log_cloudwatch",
            "module.ssh-key.aws_key_pair.key_pair",
            "module.ssh-key.tls_private_key.key"
          ]
        }
      ]
    },
    {
      "module": "module.networking",
      "mode": "data",
      "type": "aws_availability_zones",
      "name": "available",
      "provider": "provider[\"registry.terraform.io/hashicorp/aws\"]",
      "instances": [
        {
          "schema_version": 0,
          "attributes": {
            "all_availability_zones": null,
            "exclude_names": null,
            "exclude_zone_ids": null,
            "filter": null,
            "group_names": [
              "us-east-1"
            ],
            "id": "us-east-1",
            "names": [
              "us-east-1a",
              "us-east-1b",
              "us-east-1c",
              "us-east-1d",
              "us-east-1e",
              "us-east-1f"
            ],
            "state": null,
            "timeouts": null,
            "zone_ids": [
              "use1-az6",
              "use1-az1",
              "use1-az2",
              "use1-az4",
              "use1-az3",
              "use1-az5"
            ]
          },
          "sensitive_attributes": []
        }
      ]
    },
    {
      "module": "module.networking",
      "mode": "managed",
      "type": "aws_security_group",
      "name": "allow_ssh_priv",
      "provider": "provider[\"registry.terraform.io/hashicorp/aws\"]",
      "instances": [
        {
          "schema_version": 1,
          "attributes": {
            "arn": "arn:aws:ec2:us-east-1:280740813901:security-group/sg-09c2fa22f0fda5048",
            "description": "Allow SSH inbound traffic",
            "egress": [
              {
                "cidr_blocks": [
                  "0.0.0.0/0"
                ],
                "description": "",
                "from_port": 0,
                "ipv6_cidr_blocks": [],
                "prefix_list_ids": [],
                "protocol": "-1",
                "security_groups": [],
                "self": false,
                "to_port": 0
              }
            ],
            "id": "sg-09c2fa22f0fda5048",
            "ingress": [
              {
                "cidr_blocks": [
                  "10.0.0.0/16"
                ],
                "description": "SSH only from internal VPC clients",
                "from_port": 22,
                "ipv6_cidr_blocks": [],
                "prefix_list_ids": [],
                "protocol": "tcp",
                "security_groups": [],
                "self": false,
                "to_port": 22
              }
            ],
            "name": "LL-TEST-allow_ssh_priv",
            "name_prefix": "",
            "owner_id": "280740813901",
            "revoke_rules_on_delete": false,
            "tags": {
              "Name": "LL-TEST-allow_ssh_priv"
            },
            "tags_all": {
              "Name": "LL-TEST-allow_ssh_priv"
            },
            "timeouts": null,
            "vpc_id": "vpc-0ecff87f70a9b4a32"
          },
          "sensitive_attributes": [],
          "private": "eyJlMmJmYjczMC1lY2FhLTExZTYtOGY4OC0zNDM2M2JjN2M0YzAiOnsiY3JlYXRlIjo2MDAwMDAwMDAwMDAsImRlbGV0ZSI6OTAwMDAwMDAwMDAwfSwic2NoZW1hX3ZlcnNpb24iOiIxIn0=",
          "dependencies": [
            "module.networking.module.vpc.aws_vpc.this"
          ]
        }
      ]
    },
    {
      "module": "module.networking",
      "mode": "managed",
      "type": "aws_security_group",
      "name": "allow_ssh_pub",
      "provider": "provider[\"registry.terraform.io/hashicorp/aws\"]",
      "instances": [
        {
          "schema_version": 1,
          "attributes": {
            "arn": "arn:aws:ec2:us-east-1:280740813901:security-group/sg-0a6fea24bb7b87c23",
            "description": "Allow SSH inbound traffic",
            "egress": [
              {
                "cidr_blocks": [
                  "0.0.0.0/0"
                ],
                "description": "",
                "from_port": 0,
                "ipv6_cidr_blocks": [],
                "prefix_list_ids": [],
                "protocol": "-1",
                "security_groups": [],
                "self": false,
                "to_port": 0
              }
            ],
            "id": "sg-0a6fea24bb7b87c23",
            "ingress": [
              {
                "cidr_blocks": [
                  "0.0.0.0/0"
                ],
                "description": "SSH from the internet",
                "from_port": 22,
                "ipv6_cidr_blocks": [],
                "prefix_list_ids": [],
                "protocol": "tcp",
                "security_groups": [],
                "self": false,
                "to_port": 22
              }
            ],
            "name": "LL-TEST-allow_ssh",
            "name_prefix": "",
            "owner_id": "280740813901",
            "revoke_rules_on_delete": false,
            "tags": {
              "Name": "LL-TEST-allow_ssh_pub"
            },
            "tags_all": {
              "Name": "LL-TEST-allow_ssh_pub"
            },
            "timeouts": null,
            "vpc_id": "vpc-0ecff87f70a9b4a32"
          },
          "sensitive_attributes": [],
          "private": "eyJlMmJmYjczMC1lY2FhLTExZTYtOGY4OC0zNDM2M2JjN2M0YzAiOnsiY3JlYXRlIjo2MDAwMDAwMDAwMDAsImRlbGV0ZSI6OTAwMDAwMDAwMDAwfSwic2NoZW1hX3ZlcnNpb24iOiIxIn0=",
          "dependencies": [
            "module.networking.module.vpc.aws_vpc.this"
          ]
        }
      ]
    },
    {
      "module": "module.networking.module.vpc",
      "mode": "managed",
      "type": "aws_eip",
      "name": "nat",
      "provider": "provider[\"registry.terraform.io/hashicorp/aws\"]",
      "instances": [
        {
          "index_key": 0,
          "schema_version": 0,
          "attributes": {
            "address": null,
            "allocation_id": "eipalloc-038ae3b6df576f8bc",
            "associate_with_private_ip": null,
            "association_id": "",
            "carrier_ip": "",
            "customer_owned_ip": "",
            "customer_owned_ipv4_pool": "",
            "domain": "vpc",
            "id": "eipalloc-038ae3b6df576f8bc",
            "instance": "",
            "network_border_group": "us-east-1",
            "network_interface": "",
            "private_dns": null,
            "private_ip": "",
            "public_dns": "ec2-3-219-142-177.compute-1.amazonaws.com",
            "public_ip": "3.219.142.177",
            "public_ipv4_pool": "amazon",
            "tags": {
              "Name": "LL-TEST-vpc-us-east-1a"
            },
            "tags_all": {
              "Name": "LL-TEST-vpc-us-east-1a"
            },
            "timeouts": null,
            "vpc": true
          },
          "sensitive_attributes": [],
          "private": "eyJlMmJmYjczMC1lY2FhLTExZTYtOGY4OC0zNDM2M2JjN2M0YzAiOnsiZGVsZXRlIjoxODAwMDAwMDAwMDAsInJlYWQiOjkwMDAwMDAwMDAwMCwidXBkYXRlIjozMDAwMDAwMDAwMDB9fQ==",
          "dependencies": [
            "module.networking.data.aws_availability_zones.available"
          ]
        }
      ]
    },
    {
      "module": "module.networking.module.vpc",
      "mode": "managed",
      "type": "aws_internet_gateway",
      "name": "this",
      "provider": "provider[\"registry.terraform.io/hashicorp/aws\"]",
      "instances": [
        {
          "index_key": 0,
          "schema_version": 0,
          "attributes": {
            "arn": "arn:aws:ec2:us-east-1:280740813901:internet-gateway/igw-0bce606c59b28e964",
            "id": "igw-0bce606c59b28e964",
            "owner_id": "280740813901",
            "tags": {
              "Name": "LL-TEST-vpc"
            },
            "tags_all": {
              "Name": "LL-TEST-vpc"
            },
            "timeouts": null,
            "vpc_id": "vpc-0ecff87f70a9b4a32"
          },
          "sensitive_attributes": [],
          "private": "eyJlMmJmYjczMC1lY2FhLTExZTYtOGY4OC0zNDM2M2JjN2M0YzAiOnsiY3JlYXRlIjoxMjAwMDAwMDAwMDAwLCJkZWxldGUiOjEyMDAwMDAwMDAwMDAsInVwZGF0ZSI6MTIwMDAwMDAwMDAwMH19",
          "dependencies": [
            "module.networking.module.vpc.aws_vpc.this",
            "module.networking.module.vpc.aws_vpc_ipv4_cidr_block_association.this"
          ]
        }
      ]
    },
    {
      "module": "module.networking.module.vpc",
      "mode": "managed",
      "type": "aws_nat_gateway",
      "name": "this",
      "provider": "provider[\"registry.terraform.io/hashicorp/aws\"]",
      "instances": [
        {
          "index_key": 0,
          "schema_version": 0,
          "attributes": {
            "allocation_id": "eipalloc-038ae3b6df576f8bc",
            "connectivity_type": "public",
            "id": "nat-079463b1386dc5c58",
            "network_interface_id": "eni-03c2d07ddad3ec720",
            "private_ip": "10.0.101.234",
            "public_ip": "3.219.142.177",
            "subnet_id": "subnet-0b3f36695d8b1c272",
            "tags": {
              "Name": "LL-TEST-vpc-us-east-1a"
            },
            "tags_all": {
              "Name": "LL-TEST-vpc-us-east-1a"
            }
          },
          "sensitive_attributes": [],
          "private": "bnVsbA==",
          "dependencies": [
            "module.networking.data.aws_availability_zones.available",
            "module.networking.module.vpc.aws_eip.nat",
            "module.networking.module.vpc.aws_internet_gateway.this",
            "module.networking.module.vpc.aws_subnet.public",
            "module.networking.module.vpc.aws_vpc.this",
            "module.networking.module.vpc.aws_vpc_ipv4_cidr_block_association.this"
          ]
        }
      ]
    },
    {
      "module": "module.networking.module.vpc",
      "mode": "managed",
      "type": "aws_route",
      "name": "private_nat_gateway",
      "provider": "provider[\"registry.terraform.io/hashicorp/aws\"]",
      "instances": [
        {
          "index_key": 0,
          "schema_version": 0,
          "attributes": {
            "carrier_gateway_id": "",
            "core_network_arn": "",
            "destination_cidr_block": "0.0.0.0/0",
            "destination_ipv6_cidr_block": "",
            "destination_prefix_list_id": "",
            "egress_only_gateway_id": "",
            "gateway_id": "",
            "id": "r-rtb-082f1d7939d8d1a7d1080289494",
            "instance_id": "",
            "instance_owner_id": "",
            "local_gateway_id": "",
            "nat_gateway_id": "nat-079463b1386dc5c58",
            "network_interface_id": "",
            "origin": "CreateRoute",
            "route_table_id": "rtb-082f1d7939d8d1a7d",
            "state": "active",
            "timeouts": {
              "create": "5m",
              "delete": null,
              "update": null
            },
            "transit_gateway_id": "",
            "vpc_endpoint_id": "",
            "vpc_peering_connection_id": ""
          },
          "sensitive_attributes": [],
          "private": "eyJlMmJmYjczMC1lY2FhLTExZTYtOGY4OC0zNDM2M2JjN2M0YzAiOnsiY3JlYXRlIjozMDAwMDAwMDAwMDAsImRlbGV0ZSI6MzAwMDAwMDAwMDAwLCJ1cGRhdGUiOjEyMDAwMDAwMDAwMH19",
          "dependencies": [
            "module.networking.data.aws_availability_zones.available",
            "module.networking.module.vpc.aws_eip.nat",
            "module.networking.module.vpc.aws_internet_gateway.this",
            "module.networking.module.vpc.aws_nat_gateway.this",
            "module.networking.module.vpc.aws_route_table.private",
            "module.networking.module.vpc.aws_subnet.public",
            "module.networking.module.vpc.aws_vpc.this",
            "module.networking.module.vpc.aws_vpc_ipv4_cidr_block_association.this"
          ]
        }
      ]
    },
    {
      "module": "module.networking.module.vpc",
      "mode": "managed",
      "type": "aws_route",
      "name": "public_internet_gateway",
      "provider": "provider[\"registry.terraform.io/hashicorp/aws\"]",
      "instances": [
        {
          "index_key": 0,
          "schema_version": 0,
          "attributes": {
            "carrier_gateway_id": "",
            "core_network_arn": "",
            "destination_cidr_block": "0.0.0.0/0",
            "destination_ipv6_cidr_block": "",
            "destination_prefix_list_id": "",
            "egress_only_gateway_id": "",
            "gateway_id": "igw-0bce606c59b28e964",
            "id": "r-rtb-08626ccd89b48a56e1080289494",
            "instance_id": "",
            "instance_owner_id": "",
            "local_gateway_id": "",
            "nat_gateway_id": "",
            "network_interface_id": "",
            "origin": "CreateRoute",
            "route_table_id": "rtb-08626ccd89b48a56e",
            "state": "active",
            "timeouts": {
              "create": "5m",
              "delete": null,
              "update": null
            },
            "transit_gateway_id": "",
            "vpc_endpoint_id": "",
            "vpc_peering_connection_id": ""
          },
          "sensitive_attributes": [],
          "private": "eyJlMmJmYjczMC1lY2FhLTExZTYtOGY4OC0zNDM2M2JjN2M0YzAiOnsiY3JlYXRlIjozMDAwMDAwMDAwMDAsImRlbGV0ZSI6MzAwMDAwMDAwMDAwLCJ1cGRhdGUiOjEyMDAwMDAwMDAwMH19",
          "dependencies": [
            "module.networking.module.vpc.aws_internet_gateway.this",
            "module.networking.module.vpc.aws_route_table.public",
            "module.networking.module.vpc.aws_vpc.this",
            "module.networking.module.vpc.aws_vpc_ipv4_cidr_block_association.this"
          ]
        }
      ]
    },
    {
      "module": "module.networking.module.vpc",
      "mode": "managed",
      "type": "aws_route_table",
      "name": "private",
      "provider": "provider[\"registry.terraform.io/hashicorp/aws\"]",
      "instances": [
        {
          "index_key": 0,
          "schema_version": 0,
          "attributes": {
            "arn": "arn:aws:ec2:us-east-1:280740813901:route-table/rtb-082f1d7939d8d1a7d",
            "id": "rtb-082f1d7939d8d1a7d",
            "owner_id": "280740813901",
            "propagating_vgws": [],
            "route": [],
            "tags": {
              "Name": "LL-TEST-vpc-private"
            },
            "tags_all": {
              "Name": "LL-TEST-vpc-private"
            },
            "timeouts": null,
            "vpc_id": "vpc-0ecff87f70a9b4a32"
          },
          "sensitive_attributes": [],
          "private": "eyJlMmJmYjczMC1lY2FhLTExZTYtOGY4OC0zNDM2M2JjN2M0YzAiOnsiY3JlYXRlIjozMDAwMDAwMDAwMDAsImRlbGV0ZSI6MzAwMDAwMDAwMDAwLCJ1cGRhdGUiOjEyMDAwMDAwMDAwMH19",
          "dependencies": [
            "module.networking.data.aws_availability_zones.available",
            "module.networking.module.vpc.aws_vpc.this",
            "module.networking.module.vpc.aws_vpc_ipv4_cidr_block_association.this"
          ]
        }
      ]
    },
    {
      "module": "module.networking.module.vpc",
      "mode": "managed",
      "type": "aws_route_table",
      "name": "public",
      "provider": "provider[\"registry.terraform.io/hashicorp/aws\"]",
      "instances": [
        {
          "index_key": 0,
          "schema_version": 0,
          "attributes": {
            "arn": "arn:aws:ec2:us-east-1:280740813901:route-table/rtb-08626ccd89b48a56e",
            "id": "rtb-08626ccd89b48a56e",
            "owner_id": "280740813901",
            "propagating_vgws": [],
            "route": [],
            "tags": {
              "Name": "LL-TEST-vpc-public"
            },
            "tags_all": {
              "Name": "LL-TEST-vpc-public"
            },
            "timeouts": null,
            "vpc_id": "vpc-0ecff87f70a9b4a32"
          },
          "sensitive_attributes": [],
          "private": "eyJlMmJmYjczMC1lY2FhLTExZTYtOGY4OC0zNDM2M2JjN2M0YzAiOnsiY3JlYXRlIjozMDAwMDAwMDAwMDAsImRlbGV0ZSI6MzAwMDAwMDAwMDAwLCJ1cGRhdGUiOjEyMDAwMDAwMDAwMH19",
          "dependencies": [
            "module.networking.module.vpc.aws_vpc.this",
            "module.networking.module.vpc.aws_vpc_ipv4_cidr_block_association.this"
          ]
        }
      ]
    },
    {
      "module": "module.networking.module.vpc",
      "mode": "managed",
      "type": "aws_route_table_association",
      "name": "private",
      "provider": "provider[\"registry.terraform.io/hashicorp/aws\"]",
      "instances": [
        {
          "index_key": 0,
          "schema_version": 0,
          "attributes": {
            "gateway_id": "",
            "id": "rtbassoc-0cd6046b686119e13",
            "route_table_id": "rtb-082f1d7939d8d1a7d",
            "subnet_id": "subnet-0c1be6d25a4b9ac87"
          },
          "sensitive_attributes": [],
          "private": "bnVsbA==",
          "dependencies": [
            "module.networking.data.aws_availability_zones.available",
            "module.networking.module.vpc.aws_route_table.private",
            "module.networking.module.vpc.aws_subnet.private",
            "module.networking.module.vpc.aws_vpc.this",
            "module.networking.module.vpc.aws_vpc_ipv4_cidr_block_association.this"
          ]
        },
        {
          "index_key": 1,
          "schema_version": 0,
          "attributes": {
            "gateway_id": "",
            "id": "rtbassoc-0ab0ecdc91b11c1e7",
            "route_table_id": "rtb-082f1d7939d8d1a7d",
            "subnet_id": "subnet-024021a519d8a9ce1"
          },
          "sensitive_attributes": [],
          "private": "bnVsbA==",
          "dependencies": [
            "module.networking.data.aws_availability_zones.available",
            "module.networking.module.vpc.aws_route_table.private",
            "module.networking.module.vpc.aws_subnet.private",
            "module.networking.module.vpc.aws_vpc.this",
            "module.networking.module.vpc.aws_vpc_ipv4_cidr_block_association.this"
          ]
        }
      ]
    },
    {
      "module": "module.networking.module.vpc",
      "mode": "managed",
      "type": "aws_route_table_association",
      "name": "public",
      "provider": "provider[\"registry.terraform.io/hashicorp/aws\"]",
      "instances": [
        {
          "index_key": 0,
          "schema_version": 0,
          "attributes": {
            "gateway_id": "",
            "id": "rtbassoc-07bec543b3d04c992",
            "route_table_id": "rtb-08626ccd89b48a56e",
            "subnet_id": "subnet-0b3f36695d8b1c272"
          },
          "sensitive_attributes": [],
          "private": "bnVsbA==",
          "dependencies": [
            "module.networking.data.aws_availability_zones.available",
            "module.networking.module.vpc.aws_route_table.public",
            "module.networking.module.vpc.aws_subnet.public",
            "module.networking.module.vpc.aws_vpc.this",
            "module.networking.module.vpc.aws_vpc_ipv4_cidr_block_association.this"
          ]
        },
        {
          "index_key": 1,
          "schema_version": 0,
          "attributes": {
            "gateway_id": "",
            "id": "rtbassoc-04a449ad5d54e9354",
            "route_table_id": "rtb-08626ccd89b48a56e",
            "subnet_id": "subnet-097d9d9b0e32ec45c"
          },
          "sensitive_attributes": [],
          "private": "bnVsbA==",
          "dependencies": [
            "module.networking.data.aws_availability_zones.available",
            "module.networking.module.vpc.aws_route_table.public",
            "module.networking.module.vpc.aws_subnet.public",
            "module.networking.module.vpc.aws_vpc.this",
            "module.networking.module.vpc.aws_vpc_ipv4_cidr_block_association.this"
          ]
        }
      ]
    },
    {
      "module": "module.networking.module.vpc",
      "mode": "managed",
      "type": "aws_subnet",
      "name": "private",
      "provider": "provider[\"registry.terraform.io/hashicorp/aws\"]",
      "instances": [
        {
          "index_key": 0,
          "schema_version": 1,
          "attributes": {
            "arn": "arn:aws:ec2:us-east-1:280740813901:subnet/subnet-0c1be6d25a4b9ac87",
            "assign_ipv6_address_on_creation": false,
            "availability_zone": "us-east-1a",
            "availability_zone_id": "use1-az6",
            "cidr_block": "10.0.1.0/24",
            "customer_owned_ipv4_pool": "",
            "enable_dns64": false,
            "enable_resource_name_dns_a_record_on_launch": false,
            "enable_resource_name_dns_aaaa_record_on_launch": false,
            "id": "subnet-0c1be6d25a4b9ac87",
            "ipv6_cidr_block": "",
            "ipv6_cidr_block_association_id": "",
            "ipv6_native": false,
            "map_customer_owned_ip_on_launch": false,
            "map_public_ip_on_launch": false,
            "outpost_arn": "",
            "owner_id": "280740813901",
            "private_dns_hostname_type_on_launch": "ip-name",
            "tags": {
              "Name": "LL-TEST-vpc-private-us-east-1a"
            },
            "tags_all": {
              "Name": "LL-TEST-vpc-private-us-east-1a"
            },
            "timeouts": null,
            "vpc_id": "vpc-0ecff87f70a9b4a32"
          },
          "sensitive_attributes": [],
          "private": "eyJlMmJmYjczMC1lY2FhLTExZTYtOGY4OC0zNDM2M2JjN2M0YzAiOnsiY3JlYXRlIjo2MDAwMDAwMDAwMDAsImRlbGV0ZSI6MTIwMDAwMDAwMDAwMH0sInNjaGVtYV92ZXJzaW9uIjoiMSJ9",
          "dependencies": [
            "module.networking.data.aws_availability_zones.available",
            "module.networking.module.vpc.aws_vpc.this",
            "module.networking.module.vpc.aws_vpc_ipv4_cidr_block_association.this"
          ]
        },
        {
          "index_key": 1,
          "schema_version": 1,
          "attributes": {
            "arn": "arn:aws:ec2:us-east-1:280740813901:subnet/subnet-024021a519d8a9ce1",
            "assign_ipv6_address_on_creation": false,
            "availability_zone": "us-east-1b",
            "availability_zone_id": "use1-az1",
            "cidr_block": "10.0.2.0/24",
            "customer_owned_ipv4_pool": "",
            "enable_dns64": false,
            "enable_resource_name_dns_a_record_on_launch": false,
            "enable_resource_name_dns_aaaa_record_on_launch": false,
            "id": "subnet-024021a519d8a9ce1",
            "ipv6_cidr_block": "",
            "ipv6_cidr_block_association_id": "",
            "ipv6_native": false,
            "map_customer_owned_ip_on_launch": false,
            "map_public_ip_on_launch": false,
            "outpost_arn": "",
            "owner_id": "280740813901",
            "private_dns_hostname_type_on_launch": "ip-name",
            "tags": {
              "Name": "LL-TEST-vpc-private-us-east-1b"
            },
            "tags_all": {
              "Name": "LL-TEST-vpc-private-us-east-1b"
            },
            "timeouts": null,
            "vpc_id": "vpc-0ecff87f70a9b4a32"
          },
          "sensitive_attributes": [],
          "private": "eyJlMmJmYjczMC1lY2FhLTExZTYtOGY4OC0zNDM2M2JjN2M0YzAiOnsiY3JlYXRlIjo2MDAwMDAwMDAwMDAsImRlbGV0ZSI6MTIwMDAwMDAwMDAwMH0sInNjaGVtYV92ZXJzaW9uIjoiMSJ9",
          "dependencies": [
            "module.networking.data.aws_availability_zones.available",
            "module.networking.module.vpc.aws_vpc.this",
            "module.networking.module.vpc.aws_vpc_ipv4_cidr_block_association.this"
          ]
        }
      ]
    },
    {
      "module": "module.networking.module.vpc",
      "mode": "managed",
      "type": "aws_subnet",
      "name": "public",
      "provider": "provider[\"registry.terraform.io/hashicorp/aws\"]",
      "instances": [
        {
          "index_key": 0,
          "schema_version": 1,
          "attributes": {
            "arn": "arn:aws:ec2:us-east-1:280740813901:subnet/subnet-0b3f36695d8b1c272",
            "assign_ipv6_address_on_creation": false,
            "availability_zone": "us-east-1a",
            "availability_zone_id": "use1-az6",
            "cidr_block": "10.0.101.0/24",
            "customer_owned_ipv4_pool": "",
            "enable_dns64": false,
            "enable_resource_name_dns_a_record_on_launch": false,
            "enable_resource_name_dns_aaaa_record_on_launch": false,
            "id": "subnet-0b3f36695d8b1c272",
            "ipv6_cidr_block": "",
            "ipv6_cidr_block_association_id": "",
            "ipv6_native": false,
            "map_customer_owned_ip_on_launch": false,
            "map_public_ip_on_launch": true,
            "outpost_arn": "",
            "owner_id": "280740813901",
            "private_dns_hostname_type_on_launch": "ip-name",
            "tags": {
              "Name": "LL-TEST-vpc-public-us-east-1a"
            },
            "tags_all": {
              "Name": "LL-TEST-vpc-public-us-east-1a"
            },
            "timeouts": null,
            "vpc_id": "vpc-0ecff87f70a9b4a32"
          },
          "sensitive_attributes": [],
          "private": "eyJlMmJmYjczMC1lY2FhLTExZTYtOGY4OC0zNDM2M2JjN2M0YzAiOnsiY3JlYXRlIjo2MDAwMDAwMDAwMDAsImRlbGV0ZSI6MTIwMDAwMDAwMDAwMH0sInNjaGVtYV92ZXJzaW9uIjoiMSJ9",
          "dependencies": [
            "module.networking.data.aws_availability_zones.available",
            "module.networking.module.vpc.aws_vpc.this",
            "module.networking.module.vpc.aws_vpc_ipv4_cidr_block_association.this"
          ]
        },
        {
          "index_key": 1,
          "schema_version": 1,
          "attributes": {
            "arn": "arn:aws:ec2:us-east-1:280740813901:subnet/subnet-097d9d9b0e32ec45c",
            "assign_ipv6_address_on_creation": false,
            "availability_zone": "us-east-1b",
            "availability_zone_id": "use1-az1",
            "cidr_block": "10.0.102.0/24",
            "customer_owned_ipv4_pool": "",
            "enable_dns64": false,
            "enable_resource_name_dns_a_record_on_launch": false,
            "enable_resource_name_dns_aaaa_record_on_launch": false,
            "id": "subnet-097d9d9b0e32ec45c",
            "ipv6_cidr_block": "",
            "ipv6_cidr_block_association_id": "",
            "ipv6_native": false,
            "map_customer_owned_ip_on_launch": false,
            "map_public_ip_on_launch": true,
            "outpost_arn": "",
            "owner_id": "280740813901",
            "private_dns_hostname_type_on_launch": "ip-name",
            "tags": {
              "Name": "LL-TEST-vpc-public-us-east-1b"
            },
            "tags_all": {
              "Name": "LL-TEST-vpc-public-us-east-1b"
            },
            "timeouts": null,
            "vpc_id": "vpc-0ecff87f70a9b4a32"
          },
          "sensitive_attributes": [],
          "private": "eyJlMmJmYjczMC1lY2FhLTExZTYtOGY4OC0zNDM2M2JjN2M0YzAiOnsiY3JlYXRlIjo2MDAwMDAwMDAwMDAsImRlbGV0ZSI6MTIwMDAwMDAwMDAwMH0sInNjaGVtYV92ZXJzaW9uIjoiMSJ9",
          "dependencies": [
            "module.networking.data.aws_availability_zones.available",
            "module.networking.module.vpc.aws_vpc.this",
            "module.networking.module.vpc.aws_vpc_ipv4_cidr_block_association.this"
          ]
        }
      ]
    },
    {
      "module": "module.networking.module.vpc",
      "mode": "managed",
      "type": "aws_vpc",
      "name": "this",
      "provider": "provider[\"registry.terraform.io/hashicorp/aws\"]",
      "instances": [
        {
          "index_key": 0,
          "schema_version": 1,
          "attributes": {
            "arn": "arn:aws:ec2:us-east-1:280740813901:vpc/vpc-0ecff87f70a9b4a32",
            "assign_generated_ipv6_cidr_block": false,
            "cidr_block": "10.0.0.0/16",
            "default_network_acl_id": "acl-0dd8ad4eb1b1ab6bf",
            "default_route_table_id": "rtb-0280b235e1c63042e",
            "default_security_group_id": "sg-0aaadc91ef5f3f39d",
            "dhcp_options_id": "dopt-0a5538771fb211b94",
            "enable_classiclink": false,
            "enable_classiclink_dns_support": false,
            "enable_dns_hostnames": false,
            "enable_dns_support": true,
            "id": "vpc-0ecff87f70a9b4a32",
            "instance_tenancy": "default",
            "ipv4_ipam_pool_id": null,
            "ipv4_netmask_length": null,
            "ipv6_association_id": "",
            "ipv6_cidr_block": "",
            "ipv6_cidr_block_network_border_group": "",
            "ipv6_ipam_pool_id": "",
            "ipv6_netmask_length": 0,
            "main_route_table_id": "rtb-0280b235e1c63042e",
            "owner_id": "280740813901",
            "tags": {
              "Name": "LL-TEST-vpc"
            },
            "tags_all": {
              "Name": "LL-TEST-vpc"
            }
          },
          "sensitive_attributes": [],
          "private": "eyJzY2hlbWFfdmVyc2lvbiI6IjEifQ=="
        }
      ]
    },
    {
      "module": "module.ssh-key",
      "mode": "managed",
      "type": "aws_key_pair",
      "name": "key_pair",
      "provider": "provider[\"registry.terraform.io/hashicorp/aws\"]",
      "instances": [
        {
          "schema_version": 1,
          "attributes": {
            "arn": "arn:aws:ec2:us-east-1:280740813901:key-pair/LL-TEST-key",
            "fingerprint": "5f:29:53:5b:70:55:f0:58:d2:e6:79:ad:97:61:51:62",
            "id": "LL-TEST-key",
            "key_name": "LL-TEST-key",
            "key_name_prefix": "",
            "key_pair_id": "key-0b1ff1458b362d60c",
            "key_type": "rsa",
            "public_key": "ssh-rsa AAAAB3NzaC1yc2EAAAADAQABAAABAQDT82km2bqE6ZUIf76xqu9afZlAufSUcQ8WNkw4dPLYwypcjoiJULWAai8l/g+CPskiWwSh8xBUaqH4tgw3UxO8KBU0ePZiAza3fFUun5oFWT4xnvgFFineQUb2USRdOolcVjNsiiDoEIK1yOJAq+WKB4NkLw2hpQ+/Hmm8y71b+KVqfqo/QasjVsQisuNIrmo3DGrPlek+uKL2JBVREbY/YhtQpElujHUS6ZoPNYbzXT7oPTLmyZsPgsuSoq9g7VYT8MrqkAjM/E/hQLXFFhM7LwtT83jNLm0zAXUwCAeAqP5vXaqAESw7JUIJqqlKsJTa+l3cL2JWoGJeMZKaX585",
            "tags": null,
            "tags_all": {}
          },
          "sensitive_attributes": [],
          "private": "eyJzY2hlbWFfdmVyc2lvbiI6IjEifQ==",
          "dependencies": [
            "module.ssh-key.tls_private_key.key"
          ]
        }
      ]
    },
    {
      "module": "module.ssh-key",
      "mode": "managed",
      "type": "local_file",
      "name": "private_key",
      "provider": "provider[\"registry.terraform.io/hashicorp/local\"]",
      "instances": [
        {
          "schema_version": 0,
          "attributes": {
            "content": null,
            "content_base64": null,
            "directory_permission": "0777",
            "file_permission": "0400",
            "filename": "LL-TEST-key.pem",
            "id": "d58ad0f11b59b49a7e975b400da59d75a9a12051",
            "sensitive_content": "-----BEGIN RSA PRIVATE KEY-----\nMIIEogIBAAKCAQEA0/NpJtm6hOmVCH++sarvWn2ZQLn0lHEPFjZMOHTy2MMqXI6I\niVC1gGovJf4Pgj7JIlsEofMQVGqh+LYMN1MTvCgVNHj2YgM2t3xVLp+aBVk+MZ74\nBRYp3kFG9lEkXTqJXFYzbIog6BCCtcjiQKvligeDZC8NoaUPvx5pvMu9W/ilan6q\nP0GrI1bEIrLjSK5qNwxqz5XpPrii9iQVURG2P2IbUKRJbox1EumaDzWG810+6D0y\n5smbD4LLkqKvYO1WE/DK6pAIzPxP4UC1xRYTOy8LU/N4zS5tMwF1MAgHgKj+b12q\ngBEsOyVCCaqpSrCU2vpd3C9iVqBiXjGSml+fOQIDAQABAoIBAHd2i/8c25eMvLa0\nofwsN4rOnjGwXl3It9MyOZXcvQBWSKswn16eQh8mOnr0jzM/Rkj5+kt53+tkyvSP\nT6VjSw1TnlgcEes+mnmjN7P2u25mVbrMOklLq7+dFW1CYPe3RbLo10VHObLzk2j4\n2CXRfahmAbXXG5zPl2eGsdx7DbknDl2S1AiDdHe/2b/sFOP3zPlSA9oRQdMS96px\nmZ6FMQB7itz6gC7r/LV8eS9F6CYR29qmTEyIrEz0d2ngecN99lkqOX9FKkHn69Fw\nHXELMp19NJ++aAadODVmbqOy0NhWNTQ3pB1zw6Lz/uO7hrif1XZWvvhvFCKdUmAN\nArPEqIECgYEA+6+Sj0SwR2XvF/sSOEbVAbtpOOuKYBEZywSg/KTx94RywC8ButRu\n+D40/xdoM1rqevEDLjPn3n4bw4wcKGjed8h3V4QWPb1WMzRItBbOt9GJHvgKn5ri\neWMrEHqcfdq9M/HRzd1iO7T4ANQOmRTQVI3ZuwVHu9VtVa+JN3g0fDECgYEA15V5\n7kFBChEUai+5Mh7x6gt/ZgGk0KYHnIGEEPG2gQ8wuj8rapbJlaGdHR8hkaLYASZ0\ntHJP3GUK/mrrUxwDvUOQG8F3cnTIO2U4KV6olAy03woMUcxV9EBI6P6C4dtDeE60\niKOZWA76Nr1S3KQF5W3tZ6OkCnvlAASXW4l2eYkCgYBNdM4M6124y2UWoz0LNrlN\nDCkozExMnlaqxSTqO7T/sLJD9PN6VPBF05cpvkFiNKOe7FdHO9ArB/Jxbsgno4Z7\npKUduNfDbmZ94aRSUAaUSZcCgeF7FwaFxwA01RceIFhECTLBQVV+/IWqc5h+ggpP\nS0xrowddhiRcz2XSPVshsQKBgHnAPUBFMgoRY0ok8Z5Qw6a+H5DoVMBRQ/MrYf5/\nw+ZXQdmtW0OzLN2IjEaqEjdBlGPx5+8Qr/F0TyUoFQa2x5XX1kcWl/LX6U1B+NnE\nT8hs9KkR76syj0iGFacgNaKARjZnnKWeXzfQHZdUjLt3Fq1fy7fAPyB8n/PGpARa\nOcKhAoGAP4+90pu8E10CRjTkmXptw/f53yNxE7PoWd0HYZxtwFODVJT8WFlsFbxQ\nPX2+jbxwr/ThZzHMlrdgP4GAXodOLHgrXd9WSBp0ijtOxmCce5F2VotsIcPIVlwO\n5x4VqZn5t3SjN6Xs4mhZtj3ijfKA4KunnlW7hm6gHqfzKb5ZaAo=\n-----END RSA PRIVATE KEY-----\n",
            "source": null
          },
          "sensitive_attributes": [
            [
              {
                "type": "get_attr",
                "value": "sensitive_content"
              }
            ]
          ],
          "private": "bnVsbA==",
          "dependencies": [
            "module.ssh-key.tls_private_key.key"
          ]
        }
      ]
    },
    {
      "module": "module.ssh-key",
      "mode": "managed",
      "type": "tls_private_key",
      "name": "key",
      "provider": "provider[\"registry.terraform.io/hashicorp/tls\"]",
      "instances": [
        {
          "schema_version": 1,
          "attributes": {
            "algorithm": "RSA",
            "ecdsa_curve": "P224",
            "id": "43f3b283ec94537fed6d15df28cf5ea0ea1613f7",
            "private_key_openssh": "-----BEGIN OPENSSH PRIVATE KEY-----\nb3BlbnNzaC1rZXktdjEAAAAABG5vbmUAAAAEbm9uZQAAAAAAAAABAAABFwAAAAdz\nc2gtcnNhAAAAAwEAAQAAAQEA0/NpJtm6hOmVCH++sarvWn2ZQLn0lHEPFjZMOHTy\n2MMqXI6IiVC1gGovJf4Pgj7JIlsEofMQVGqh+LYMN1MTvCgVNHj2YgM2t3xVLp+a\nBVk+MZ74BRYp3kFG9lEkXTqJXFYzbIog6BCCtcjiQKvligeDZC8NoaUPvx5pvMu9\nW/ilan6qP0GrI1bEIrLjSK5qNwxqz5XpPrii9iQVURG2P2IbUKRJbox1EumaDzWG\n810+6D0y5smbD4LLkqKvYO1WE/DK6pAIzPxP4UC1xRYTOy8LU/N4zS5tMwF1MAgH\ngKj+b12qgBEsOyVCCaqpSrCU2vpd3C9iVqBiXjGSml+fOQAAA7i6Lyugui8roAAA\nAAdzc2gtcnNhAAABAQDT82km2bqE6ZUIf76xqu9afZlAufSUcQ8WNkw4dPLYwypc\njoiJULWAai8l/g+CPskiWwSh8xBUaqH4tgw3UxO8KBU0ePZiAza3fFUun5oFWT4x\nnvgFFineQUb2USRdOolcVjNsiiDoEIK1yOJAq+WKB4NkLw2hpQ+/Hmm8y71b+KVq\nfqo/QasjVsQisuNIrmo3DGrPlek+uKL2JBVREbY/YhtQpElujHUS6ZoPNYbzXT7o\nPTLmyZsPgsuSoq9g7VYT8MrqkAjM/E/hQLXFFhM7LwtT83jNLm0zAXUwCAeAqP5v\nXaqAESw7JUIJqqlKsJTa+l3cL2JWoGJeMZKaX585AAAAAwEAAQAAAQB3dov/HNuX\njLy2tKH8LDeKzp4xsF5dyLfTMjmV3L0AVkirMJ9enkIfJjp69I8zP0ZI+fpLed/r\nZMr0j0+lY0sNU55YHBHrPpp5ozez9rtuZlW6zDpJS6u/nRVtQmD3t0Wy6NdFRzmy\n85No+Ngl0X2oZgG11xucz5dnhrHcew25Jw5dktQIg3R3v9m/7BTj98z5UgPaEUHT\nEveqcZmehTEAe4rc+oAu6/y1fHkvRegmEdvapkxMiKxM9Hdp4HnDffZZKjl/RSpB\n5+vRcB1xCzKdfTSfvmgGnTg1Zm6jstDYVjU0N6Qdc8Oi8/7ju4a4n9V2Vr74bxQi\nnVJgDQKzxKiBAAAAgD+PvdKbvBNdAkY05Jl6bcP3+d8jcROz6FndB2GcbcBTg1SU\n/FhZbBW8UD19vo28cK/04WcxzJa3YD+BgF6HTix4K13fVkgadIo7TsZgnHuRdlaL\nbCHDyFZcDuceFamZ+bd0ozel7OJoWbY94o3ygOCrp55Vu4ZuoB6n8ym+WWgKAAAA\ngQD7r5KPRLBHZe8X+xI4RtUBu2k464pgERnLBKD8pPH3hHLALwG61G74PjT/F2gz\nWup68QMuM+fefhvDjBwoaN53yHdXhBY9vVYzNEi0Fs630Yke+AqfmuJ5YysQepx9\n2r0z8dHN3WI7tPgA1A6ZFNBUjdm7BUe71W1Vr4k3eDR8MQAAAIEA15V57kFBChEU\nai+5Mh7x6gt/ZgGk0KYHnIGEEPG2gQ8wuj8rapbJlaGdHR8hkaLYASZ0tHJP3GUK\n/mrrUxwDvUOQG8F3cnTIO2U4KV6olAy03woMUcxV9EBI6P6C4dtDeE60iKOZWA76\nNr1S3KQF5W3tZ6OkCnvlAASXW4l2eYkAAAAAAQID\n-----END OPENSSH PRIVATE KEY-----\n",
            "private_key_pem": "-----BEGIN RSA PRIVATE KEY-----\nMIIEogIBAAKCAQEA0/NpJtm6hOmVCH++sarvWn2ZQLn0lHEPFjZMOHTy2MMqXI6I\niVC1gGovJf4Pgj7JIlsEofMQVGqh+LYMN1MTvCgVNHj2YgM2t3xVLp+aBVk+MZ74\nBRYp3kFG9lEkXTqJXFYzbIog6BCCtcjiQKvligeDZC8NoaUPvx5pvMu9W/ilan6q\nP0GrI1bEIrLjSK5qNwxqz5XpPrii9iQVURG2P2IbUKRJbox1EumaDzWG810+6D0y\n5smbD4LLkqKvYO1WE/DK6pAIzPxP4UC1xRYTOy8LU/N4zS5tMwF1MAgHgKj+b12q\ngBEsOyVCCaqpSrCU2vpd3C9iVqBiXjGSml+fOQIDAQABAoIBAHd2i/8c25eMvLa0\nofwsN4rOnjGwXl3It9MyOZXcvQBWSKswn16eQh8mOnr0jzM/Rkj5+kt53+tkyvSP\nT6VjSw1TnlgcEes+mnmjN7P2u25mVbrMOklLq7+dFW1CYPe3RbLo10VHObLzk2j4\n2CXRfahmAbXXG5zPl2eGsdx7DbknDl2S1AiDdHe/2b/sFOP3zPlSA9oRQdMS96px\nmZ6FMQB7itz6gC7r/LV8eS9F6CYR29qmTEyIrEz0d2ngecN99lkqOX9FKkHn69Fw\nHXELMp19NJ++aAadODVmbqOy0NhWNTQ3pB1zw6Lz/uO7hrif1XZWvvhvFCKdUmAN\nArPEqIECgYEA+6+Sj0SwR2XvF/sSOEbVAbtpOOuKYBEZywSg/KTx94RywC8ButRu\n+D40/xdoM1rqevEDLjPn3n4bw4wcKGjed8h3V4QWPb1WMzRItBbOt9GJHvgKn5ri\neWMrEHqcfdq9M/HRzd1iO7T4ANQOmRTQVI3ZuwVHu9VtVa+JN3g0fDECgYEA15V5\n7kFBChEUai+5Mh7x6gt/ZgGk0KYHnIGEEPG2gQ8wuj8rapbJlaGdHR8hkaLYASZ0\ntHJP3GUK/mrrUxwDvUOQG8F3cnTIO2U4KV6olAy03woMUcxV9EBI6P6C4dtDeE60\niKOZWA76Nr1S3KQF5W3tZ6OkCnvlAASXW4l2eYkCgYBNdM4M6124y2UWoz0LNrlN\nDCkozExMnlaqxSTqO7T/sLJD9PN6VPBF05cpvkFiNKOe7FdHO9ArB/Jxbsgno4Z7\npKUduNfDbmZ94aRSUAaUSZcCgeF7FwaFxwA01RceIFhECTLBQVV+/IWqc5h+ggpP\nS0xrowddhiRcz2XSPVshsQKBgHnAPUBFMgoRY0ok8Z5Qw6a+H5DoVMBRQ/MrYf5/\nw+ZXQdmtW0OzLN2IjEaqEjdBlGPx5+8Qr/F0TyUoFQa2x5XX1kcWl/LX6U1B+NnE\nT8hs9KkR76syj0iGFacgNaKARjZnnKWeXzfQHZdUjLt3Fq1fy7fAPyB8n/PGpARa\nOcKhAoGAP4+90pu8E10CRjTkmXptw/f53yNxE7PoWd0HYZxtwFODVJT8WFlsFbxQ\nPX2+jbxwr/ThZzHMlrdgP4GAXodOLHgrXd9WSBp0ijtOxmCce5F2VotsIcPIVlwO\n5x4VqZn5t3SjN6Xs4mhZtj3ijfKA4KunnlW7hm6gHqfzKb5ZaAo=\n-----END RSA PRIVATE KEY-----\n",
            "private_key_pem_pkcs8": "-----BEGIN PRIVATE KEY-----\nMIIEvAIBADANBgkqhkiG9w0BAQEFAASCBKYwggSiAgEAAoIBAQDT82km2bqE6ZUI\nf76xqu9afZlAufSUcQ8WNkw4dPLYwypcjoiJULWAai8l/g+CPskiWwSh8xBUaqH4\ntgw3UxO8KBU0ePZiAza3fFUun5oFWT4xnvgFFineQUb2USRdOolcVjNsiiDoEIK1\nyOJAq+WKB4NkLw2hpQ+/Hmm8y71b+KVqfqo/QasjVsQisuNIrmo3DGrPlek+uKL2\nJBVREbY/YhtQpElujHUS6ZoPNYbzXT7oPTLmyZsPgsuSoq9g7VYT8MrqkAjM/E/h\nQLXFFhM7LwtT83jNLm0zAXUwCAeAqP5vXaqAESw7JUIJqqlKsJTa+l3cL2JWoGJe\nMZKaX585AgMBAAECggEAd3aL/xzbl4y8trSh/Cw3is6eMbBeXci30zI5ldy9AFZI\nqzCfXp5CHyY6evSPMz9GSPn6S3nf62TK9I9PpWNLDVOeWBwR6z6aeaM3s/a7bmZV\nusw6SUurv50VbUJg97dFsujXRUc5svOTaPjYJdF9qGYBtdcbnM+XZ4ax3HsNuScO\nXZLUCIN0d7/Zv+wU4/fM+VID2hFB0xL3qnGZnoUxAHuK3PqALuv8tXx5L0XoJhHb\n2qZMTIisTPR3aeB5w332WSo5f0UqQefr0XAdcQsynX00n75oBp04NWZuo7LQ2FY1\nNDekHXPDovP+47uGuJ/Vdla++G8UIp1SYA0Cs8SogQKBgQD7r5KPRLBHZe8X+xI4\nRtUBu2k464pgERnLBKD8pPH3hHLALwG61G74PjT/F2gzWup68QMuM+fefhvDjBwo\naN53yHdXhBY9vVYzNEi0Fs630Yke+AqfmuJ5YysQepx92r0z8dHN3WI7tPgA1A6Z\nFNBUjdm7BUe71W1Vr4k3eDR8MQKBgQDXlXnuQUEKERRqL7kyHvHqC39mAaTQpgec\ngYQQ8baBDzC6PytqlsmVoZ0dHyGRotgBJnS0ck/cZQr+autTHAO9Q5AbwXdydMg7\nZTgpXqiUDLTfCgxRzFX0QEjo/oLh20N4TrSIo5lYDvo2vVLcpAXlbe1no6QKe+UA\nBJdbiXZ5iQKBgE10zgzrXbjLZRajPQs2uU0MKSjMTEyeVqrFJOo7tP+wskP083pU\n8EXTlym+QWI0o57sV0c70CsH8nFuyCejhnukpR2418NuZn3hpFJQBpRJlwKB4XsX\nBoXHADTVFx4gWEQJMsFBVX78hapzmH6CCk9LTGujB12GJFzPZdI9WyGxAoGAecA9\nQEUyChFjSiTxnlDDpr4fkOhUwFFD8yth/n/D5ldB2a1bQ7Ms3YiMRqoSN0GUY/Hn\n7xCv8XRPJSgVBrbHldfWRxaX8tfpTUH42cRPyGz0qRHvqzKPSIYVpyA1ooBGNmec\npZ5fN9Adl1SMu3cWrV/Lt8A/IHyf88akBFo5wqECgYA/j73Sm7wTXQJGNOSZem3D\n9/nfI3ETs+hZ3QdhnG3AU4NUlPxYWWwVvFA9fb6NvHCv9OFnMcyWt2A/gYBeh04s\neCtd31ZIGnSKO07GYJx7kXZWi2whw8hWXA7nHhWpmfm3dKM3peziaFm2PeKN8oDg\nq6eeVbuGbqAep/MpvlloCg==\n-----END PRIVATE KEY-----\n",
            "public_key_fingerprint_md5": "8d:e9:aa:48:89:79:b5:60:b7:48:5f:ac:09:28:4c:05",
            "public_key_fingerprint_sha256": "SHA256:IGrI5udg3ITH2S2+CUzTql/g5Ql0wUtt30ORuNBlaNc",
            "public_key_openssh": "ssh-rsa AAAAB3NzaC1yc2EAAAADAQABAAABAQDT82km2bqE6ZUIf76xqu9afZlAufSUcQ8WNkw4dPLYwypcjoiJULWAai8l/g+CPskiWwSh8xBUaqH4tgw3UxO8KBU0ePZiAza3fFUun5oFWT4xnvgFFineQUb2USRdOolcVjNsiiDoEIK1yOJAq+WKB4NkLw2hpQ+/Hmm8y71b+KVqfqo/QasjVsQisuNIrmo3DGrPlek+uKL2JBVREbY/YhtQpElujHUS6ZoPNYbzXT7oPTLmyZsPgsuSoq9g7VYT8MrqkAjM/E/hQLXFFhM7LwtT83jNLm0zAXUwCAeAqP5vXaqAESw7JUIJqqlKsJTa+l3cL2JWoGJeMZKaX585\n",
            "public_key_pem": "-----BEGIN PUBLIC KEY-----\nMIIBIjANBgkqhkiG9w0BAQEFAAOCAQ8AMIIBCgKCAQEA0/NpJtm6hOmVCH++sarv\nWn2ZQLn0lHEPFjZMOHTy2MMqXI6IiVC1gGovJf4Pgj7JIlsEofMQVGqh+LYMN1MT\nvCgVNHj2YgM2t3xVLp+aBVk+MZ74BRYp3kFG9lEkXTqJXFYzbIog6BCCtcjiQKvl\nigeDZC8NoaUPvx5pvMu9W/ilan6qP0GrI1bEIrLjSK5qNwxqz5XpPrii9iQVURG2\nP2IbUKRJbox1EumaDzWG810+6D0y5smbD4LLkqKvYO1WE/DK6pAIzPxP4UC1xRYT\nOy8LU/N4zS5tMwF1MAgHgKj+b12qgBEsOyVCCaqpSrCU2vpd3C9iVqBiXjGSml+f\nOQIDAQAB\n-----END PUBLIC KEY-----\n",
            "rsa_bits": 2048
          },
          "sensitive_attributes": []
        }
      ]
    }
  ],
  "check_results": []
}
